PODS:
  - AdMobMediationAdapterIAd (6.6.0):
    - Google-Mobile-Ads-SDK
  - CrashlyticsFramework (2.2.5.2)
  - Dropbox-iOS-SDK (1.3.13)
  - Google-Mobile-Ads-SDK (6.12.2)
  - GoogleAnalytics-iOS-SDK (3.10):
    - GoogleAnalytics-iOS-SDK/Core (= 3.10)
  - GoogleAnalytics-iOS-SDK/Core (3.10)
  - RDVCalendarView (1.0.7)

DEPENDENCIES:
  - AdMobMediationAdapterIAd
  - CrashlyticsFramework
  - Dropbox-iOS-SDK
  - Google-Mobile-Ads-SDK
  - GoogleAnalytics-iOS-SDK
  - RDVCalendarView (~> 1.0.7)

SPEC CHECKSUMS:
  AdMobMediationAdapterIAd: 72580d06d2a09d032416b5bd7a667e0abd4ce5f7
  CrashlyticsFramework: 4e91082f3019bea7e718e1b67b0a3b56729dbc5d
  Dropbox-iOS-SDK: 367160c05e279e7fa3205f3233d1873b7a986ee6
  Google-Mobile-Ads-SDK: 9761186eb5dc5e1493e71dcce2b525159f763d42
  GoogleAnalytics-iOS-SDK: f422062075d9ccb1ea8d783fc5ba3829461e9502
  RDVCalendarView: c0b761eedd0a3007cad3981795776b03894bd2d2

COCOAPODS: 0.35.0
