PODS:
  - AdMobMediationAdapterIAd (6.6.0):
    - Google-Mobile-Ads-SDK
  - AdMobMediationAdapterInMobi (0.0.1):
    - InMobiSDK
  - BugSense (3.6)
  - Dropbox-iOS-SDK (1.3.11)
  - Google-Mobile-Ads-SDK (6.11.1)
  - GoogleAnalytics-iOS-SDK (3.0.9)
  - InMobiSDK (4.4.1.1)

DEPENDENCIES:
  - AdMobMediationAdapterIAd
  - AdMobMediationAdapterInMobi (from `./podspecs/AdMobMediationAdapterInMobi.podspec`)
  - BugSense
  - Dropbox-iOS-SDK
  - Google-Mobile-Ads-SDK
  - GoogleAnalytics-iOS-SDK
  - InMobiSDK

EXTERNAL SOURCES:
  AdMobMediationAdapterInMobi:
    :podspec: ./podspecs/AdMobMediationAdapterInMobi.podspec

SPEC CHECKSUMS:
  AdMobMediationAdapterIAd: 72580d06d2a09d032416b5bd7a667e0abd4ce5f7
  AdMobMediationAdapterInMobi: e837c97f541ddf187d3c333e0f34d2d2c21dae75
  BugSense: f53ea197df382f077356c454d0d4b8c48b3f1c5e
  Dropbox-iOS-SDK: 3bd81e7abfeb66b8fced09768db0166286a90f3f
  Google-Mobile-Ads-SDK: 657fcbf9436363d0f925cf905d176fb1cb10df85
  GoogleAnalytics-iOS-SDK: d9e198b1f955259a72886769be7377cdfcdb2250
  InMobiSDK: 463331cd1e64d3399af1c4c5c5fb480661e5a032

COCOAPODS: 0.33.1
